{
  "name": "tipical",
  "version": "1.0.0",
  "lockfileVersion": 1,
  "requires": true,
  "dependencies": {
    "random-token": {
      "version": "0.0.8",
      "resolved": "https://registry.npmjs.org/random-token/-/random-token-0.0.8.tgz",
      "integrity": "sha1-HPhFrz+zHlf3yqS5oXNHjEZIO2E="
    }
  }
}
